
Microsoft Visual Studio Solution File, Format Version 12.00
# Visual Studio Version 17
VisualStudioVersion = 17.8.34309.116
MinimumVisualStudioVersion = 10.0.40219.1
Project("{8BC9CEB8-8B4A-11D0-8D11-00A0C91BC942}") = "TeensyTestComm", "TeensyTestComm\TeensyTestComm.vcxproj", "{4724B3EA-DEB4-41D5-9A93-51B5B11754D2}"
EndProject
Global
	GlobalSection(SolutionConfigurationPlatforms) = preSolution
		Debug|ARM = Debug|ARM
		Debug|ARM64 = Debug|ARM64
		Release|ARM = Release|ARM
		Release|ARM64 = Release|ARM64
	EndGlobalSection
	GlobalSection(ProjectConfigurationPlatforms) = postSolution
		{4724B3EA-DEB4-41D5-9A93-51B5B11754D2}.Debug|ARM.ActiveCfg = Debug|ARM
		{4724B3EA-DEB4-41D5-9A93-51B5B11754D2}.Debug|ARM.Build.0 = Debug|ARM
		{4724B3EA-DEB4-41D5-9A93-51B5B11754D2}.Debug|ARM.Deploy.0 = Debug|ARM
		{4724B3EA-DEB4-41D5-9A93-51B5B11754D2}.Debug|ARM64.ActiveCfg = Debug|ARM64
		{4724B3EA-DEB4-41D5-9A93-51B5B11754D2}.Debug|ARM64.Build.0 = Debug|ARM64
		{4724B3EA-DEB4-41D5-9A93-51B5B11754D2}.Debug|ARM64.Deploy.0 = Debug|ARM64
		{4724B3EA-DEB4-41D5-9A93-51B5B11754D2}.Release|ARM.ActiveCfg = Release|ARM
		{4724B3EA-DEB4-41D5-9A93-51B5B11754D2}.Release|ARM.Build.0 = Release|ARM
		{4724B3EA-DEB4-41D5-9A93-51B5B11754D2}.Release|ARM.Deploy.0 = Release|ARM
		{4724B3EA-DEB4-41D5-9A93-51B5B11754D2}.Release|ARM64.ActiveCfg = Release|ARM64
		{4724B3EA-DEB4-41D5-9A93-51B5B11754D2}.Release|ARM64.Build.0 = Release|ARM64
		{4724B3EA-DEB4-41D5-9A93-51B5B11754D2}.Release|ARM64.Deploy.0 = Release|ARM64
	EndGlobalSection
	GlobalSection(SolutionProperties) = preSolution
		HideSolutionNode = FALSE
	EndGlobalSection
	GlobalSection(ExtensibilityGlobals) = postSolution
		SolutionGuid = {CDFCBF02-C30F-4D69-82FD-63F7BF68FC8A}
	EndGlobalSection
EndGlobal
